// !$*UTF8*$!
{
	archiveVersion = 1;
	classes = {
	};
	objectVersion = 51;
	objects = {

/* Begin PBXBuildFile section */
		248D211D0F6E2024A16F75B9 /* Pods_Stan_StanUITests.framework in Frameworks */ = {isa = PBXBuildFile; fileRef = 9360E1471C1302B3901E627F /* Pods_Stan_StanUITests.framework */; };
		B543AEE5242B1DE40099F2CF /* AppDelegate.swift in Sources */ = {isa = PBXBuildFile; fileRef = B543AEE4242B1DE40099F2CF /* AppDelegate.swift */; };
		B543AEE7242B1DE40099F2CF /* SceneDelegate.swift in Sources */ = {isa = PBXBuildFile; fileRef = B543AEE6242B1DE40099F2CF /* SceneDelegate.swift */; };
		B543AEEC242B1DE40099F2CF /* Main.storyboard in Resources */ = {isa = PBXBuildFile; fileRef = B543AEEA242B1DE40099F2CF /* Main.storyboard */; };
		B543AEEE242B1DE50099F2CF /* Assets.xcassets in Resources */ = {isa = PBXBuildFile; fileRef = B543AEED242B1DE50099F2CF /* Assets.xcassets */; };
		B543AEF1242B1DE50099F2CF /* LaunchScreen.storyboard in Resources */ = {isa = PBXBuildFile; fileRef = B543AEEF242B1DE50099F2CF /* LaunchScreen.storyboard */; };
		B543AEFC242B1DE60099F2CF /* StanTests.swift in Sources */ = {isa = PBXBuildFile; fileRef = B543AEFB242B1DE60099F2CF /* StanTests.swift */; };
		B543AF07242B1DE60099F2CF /* StanUITests.swift in Sources */ = {isa = PBXBuildFile; fileRef = B543AF06242B1DE60099F2CF /* StanUITests.swift */; };
		B55CA8222430795200389837 /* MovieDetailsViewController.swift in Sources */ = {isa = PBXBuildFile; fileRef = B55CA8212430795200389837 /* MovieDetailsViewController.swift */; };
		B55CA8242430796800389837 /* MovieDetailsViewModel.swift in Sources */ = {isa = PBXBuildFile; fileRef = B55CA8232430796800389837 /* MovieDetailsViewModel.swift */; };
		B55CA82624309A8800389837 /* data.json in Resources */ = {isa = PBXBuildFile; fileRef = B55CA82524309A8800389837 /* data.json */; };
		B55CA82824309A9D00389837 /* DataHelper.swift in Sources */ = {isa = PBXBuildFile; fileRef = B55CA82724309A9D00389837 /* DataHelper.swift */; };
		B5C2F5A524303ACA00CBDAFB /* HttpClient.swift in Sources */ = {isa = PBXBuildFile; fileRef = B5C2F5A424303ACA00CBDAFB /* HttpClient.swift */; };
		B5C2F5A724303ADA00CBDAFB /* HttpError.swift in Sources */ = {isa = PBXBuildFile; fileRef = B5C2F5A624303ADA00CBDAFB /* HttpError.swift */; };
		B5C2F5AA24303B1B00CBDAFB /* DispatchQueue.swift in Sources */ = {isa = PBXBuildFile; fileRef = B5C2F5A924303B1B00CBDAFB /* DispatchQueue.swift */; };
		B5C2F5AC24303B4C00CBDAFB /* URLSession.swift in Sources */ = {isa = PBXBuildFile; fileRef = B5C2F5AB24303B4C00CBDAFB /* URLSession.swift */; };
		B5C2F5AF24303BEE00CBDAFB /* Image.swift in Sources */ = {isa = PBXBuildFile; fileRef = B5C2F5AE24303BEE00CBDAFB /* Image.swift */; };
		B5C2F5B124303C6100CBDAFB /* Movie.swift in Sources */ = {isa = PBXBuildFile; fileRef = B5C2F5B024303C6100CBDAFB /* Movie.swift */; };
		B5C2F5B324303D5100CBDAFB /* MovieClient.swift in Sources */ = {isa = PBXBuildFile; fileRef = B5C2F5B224303D5100CBDAFB /* MovieClient.swift */; };
		B5C2F5B524303DE600CBDAFB /* MovieClient.MoviesResponse.swift in Sources */ = {isa = PBXBuildFile; fileRef = B5C2F5B424303DE500CBDAFB /* MovieClient.MoviesResponse.swift */; };
		B5C2F5B7243041F100CBDAFB /* libStanLib.a in Frameworks */ = {isa = PBXBuildFile; fileRef = B5C2F59C24303AB500CBDAFB /* libStanLib.a */; };
		B5C2F5BA243055C000CBDAFB /* JCollectionViewController.swift in Sources */ = {isa = PBXBuildFile; fileRef = B5C2F5B9243055C000CBDAFB /* JCollectionViewController.swift */; };
		B5C2F5BD243055E100CBDAFB /* AbstractDiffCalculator.swift in Sources */ = {isa = PBXBuildFile; fileRef = B5C2F5BC243055E100CBDAFB /* AbstractDiffCalculator.swift */; };
		B5C2F5BF243055F700CBDAFB /* UICollectionView.swift in Sources */ = {isa = PBXBuildFile; fileRef = B5C2F5BE243055F700CBDAFB /* UICollectionView.swift */; };
		B5C2F5C12430561500CBDAFB /* UIView.swift in Sources */ = {isa = PBXBuildFile; fileRef = B5C2F5C02430561500CBDAFB /* UIView.swift */; };
		B5C2F5C72430564600CBDAFB /* CircularStd-Bold.otf in Resources */ = {isa = PBXBuildFile; fileRef = B5C2F5C32430564600CBDAFB /* CircularStd-Bold.otf */; };
		B5C2F5C82430564600CBDAFB /* CircularStd-Black.otf in Resources */ = {isa = PBXBuildFile; fileRef = B5C2F5C42430564600CBDAFB /* CircularStd-Black.otf */; };
		B5C2F5C92430564600CBDAFB /* CircularStd-Medium.otf in Resources */ = {isa = PBXBuildFile; fileRef = B5C2F5C52430564600CBDAFB /* CircularStd-Medium.otf */; };
		B5C2F5CA2430564600CBDAFB /* CircularStd-Book.otf in Resources */ = {isa = PBXBuildFile; fileRef = B5C2F5C62430564600CBDAFB /* CircularStd-Book.otf */; };
		B5C2F5D22430569600CBDAFB /* MovieCell.swift in Sources */ = {isa = PBXBuildFile; fileRef = B5C2F5D02430569600CBDAFB /* MovieCell.swift */; };
		B5C2F5D32430569600CBDAFB /* MovieCell.xib in Resources */ = {isa = PBXBuildFile; fileRef = B5C2F5D12430569600CBDAFB /* MovieCell.xib */; };
		B5C2F5D52430585200CBDAFB /* image.jpg in Resources */ = {isa = PBXBuildFile; fileRef = B5C2F5D42430585200CBDAFB /* image.jpg */; };
		B5C2F5D924305D3A00CBDAFB /* UIImageView.swift in Sources */ = {isa = PBXBuildFile; fileRef = B5C2F5D824305D3A00CBDAFB /* UIImageView.swift */; };
		B5C2F5DC24305DA700CBDAFB /* MoviesViewController.swift in Sources */ = {isa = PBXBuildFile; fileRef = B5C2F5DB24305DA600CBDAFB /* MoviesViewController.swift */; };
		B5C2F5DE24305E7200CBDAFB /* MoviesViewModel.swift in Sources */ = {isa = PBXBuildFile; fileRef = B5C2F5DD24305E7200CBDAFB /* MoviesViewModel.swift */; };
		C59792F0AEDAEF450D0FE0B5 /* Pods_StanTests.framework in Frameworks */ = {isa = PBXBuildFile; fileRef = 8E46D32A2CB26982227D3B68 /* Pods_StanTests.framework */; };
		EFB2CC01A4952763D9DC4891 /* Pods_Stan.framework in Frameworks */ = {isa = PBXBuildFile; fileRef = 72A9A076BC150C064DF7BD29 /* Pods_Stan.framework */; };
/* End PBXBuildFile section */

/* Begin PBXContainerItemProxy section */
		B543AEF8242B1DE60099F2CF /* PBXContainerItemProxy */ = {
			isa = PBXContainerItemProxy;
			containerPortal = B543AED9242B1DE40099F2CF /* Project object */;
			proxyType = 1;
			remoteGlobalIDString = B543AEE0242B1DE40099F2CF;
			remoteInfo = Stan;
		};
		B543AF03242B1DE60099F2CF /* PBXContainerItemProxy */ = {
			isa = PBXContainerItemProxy;
			containerPortal = B543AED9242B1DE40099F2CF /* Project object */;
			proxyType = 1;
			remoteGlobalIDString = B543AEE0242B1DE40099F2CF;
			remoteInfo = Stan;
		};
/* End PBXContainerItemProxy section */

/* Begin PBXCopyFilesBuildPhase section */
		B5C2F59A24303AB500CBDAFB /* CopyFiles */ = {
			isa = PBXCopyFilesBuildPhase;
			buildActionMask = 2147483647;
			dstPath = "include/$(PRODUCT_NAME)";
			dstSubfolderSpec = 16;
			files = (
			);
			runOnlyForDeploymentPostprocessing = 0;
		};
/* End PBXCopyFilesBuildPhase section */

/* Begin PBXFileReference section */
		01F8C6984C9634A19A800E88 /* Pods-Stan-StanUITests.release.xcconfig */ = {isa = PBXFileReference; includeInIndex = 1; lastKnownFileType = text.xcconfig; name = "Pods-Stan-StanUITests.release.xcconfig"; path = "Target Support Files/Pods-Stan-StanUITests/Pods-Stan-StanUITests.release.xcconfig"; sourceTree = "<group>"; };
		0CEDE990956B593288C4A392 /* Pods-StanTests.debug.xcconfig */ = {isa = PBXFileReference; includeInIndex = 1; lastKnownFileType = text.xcconfig; name = "Pods-StanTests.debug.xcconfig"; path = "Target Support Files/Pods-StanTests/Pods-StanTests.debug.xcconfig"; sourceTree = "<group>"; };
		122E7E13F7EA466285501FAA /* Pods-StanTests.release.xcconfig */ = {isa = PBXFileReference; includeInIndex = 1; lastKnownFileType = text.xcconfig; name = "Pods-StanTests.release.xcconfig"; path = "Target Support Files/Pods-StanTests/Pods-StanTests.release.xcconfig"; sourceTree = "<group>"; };
		1E23410D2F48ABF8BB3F7F74 /* Pods-Stan.release.xcconfig */ = {isa = PBXFileReference; includeInIndex = 1; lastKnownFileType = text.xcconfig; name = "Pods-Stan.release.xcconfig"; path = "Target Support Files/Pods-Stan/Pods-Stan.release.xcconfig"; sourceTree = "<group>"; };
		72A9A076BC150C064DF7BD29 /* Pods_Stan.framework */ = {isa = PBXFileReference; explicitFileType = wrapper.framework; includeInIndex = 0; path = Pods_Stan.framework; sourceTree = BUILT_PRODUCTS_DIR; };
		72E8CA270341C065F40645C1 /* Pods-Stan.debug.xcconfig */ = {isa = PBXFileReference; includeInIndex = 1; lastKnownFileType = text.xcconfig; name = "Pods-Stan.debug.xcconfig"; path = "Target Support Files/Pods-Stan/Pods-Stan.debug.xcconfig"; sourceTree = "<group>"; };
		8E46D32A2CB26982227D3B68 /* Pods_StanTests.framework */ = {isa = PBXFileReference; explicitFileType = wrapper.framework; includeInIndex = 0; path = Pods_StanTests.framework; sourceTree = BUILT_PRODUCTS_DIR; };
		9360E1471C1302B3901E627F /* Pods_Stan_StanUITests.framework */ = {isa = PBXFileReference; explicitFileType = wrapper.framework; includeInIndex = 0; path = Pods_Stan_StanUITests.framework; sourceTree = BUILT_PRODUCTS_DIR; };
		AF880991347EB5C0E6505B40 /* Pods-Stan-StanUITests.debug.xcconfig */ = {isa = PBXFileReference; includeInIndex = 1; lastKnownFileType = text.xcconfig; name = "Pods-Stan-StanUITests.debug.xcconfig"; path = "Target Support Files/Pods-Stan-StanUITests/Pods-Stan-StanUITests.debug.xcconfig"; sourceTree = "<group>"; };
		B543AEE1242B1DE40099F2CF /* Stan.app */ = {isa = PBXFileReference; explicitFileType = wrapper.application; includeInIndex = 0; path = Stan.app; sourceTree = BUILT_PRODUCTS_DIR; };
		B543AEE4242B1DE40099F2CF /* AppDelegate.swift */ = {isa = PBXFileReference; lastKnownFileType = sourcecode.swift; path = AppDelegate.swift; sourceTree = "<group>"; };
		B543AEE6242B1DE40099F2CF /* SceneDelegate.swift */ = {isa = PBXFileReference; lastKnownFileType = sourcecode.swift; path = SceneDelegate.swift; sourceTree = "<group>"; };
		B543AEEB242B1DE40099F2CF /* Base */ = {isa = PBXFileReference; lastKnownFileType = file.storyboard; name = Base; path = Base.lproj/Main.storyboard; sourceTree = "<group>"; };
		B543AEED242B1DE50099F2CF /* Assets.xcassets */ = {isa = PBXFileReference; lastKnownFileType = folder.assetcatalog; path = Assets.xcassets; sourceTree = "<group>"; };
		B543AEF0242B1DE50099F2CF /* Base */ = {isa = PBXFileReference; lastKnownFileType = file.storyboard; name = Base; path = Base.lproj/LaunchScreen.storyboard; sourceTree = "<group>"; };
		B543AEF2242B1DE50099F2CF /* Info.plist */ = {isa = PBXFileReference; lastKnownFileType = text.plist.xml; path = Info.plist; sourceTree = "<group>"; };
		B543AEF7242B1DE60099F2CF /* StanTests.xctest */ = {isa = PBXFileReference; explicitFileType = wrapper.cfbundle; includeInIndex = 0; path = StanTests.xctest; sourceTree = BUILT_PRODUCTS_DIR; };
		B543AEFB242B1DE60099F2CF /* StanTests.swift */ = {isa = PBXFileReference; lastKnownFileType = sourcecode.swift; path = StanTests.swift; sourceTree = "<group>"; };
		B543AEFD242B1DE60099F2CF /* Info.plist */ = {isa = PBXFileReference; lastKnownFileType = text.plist.xml; path = Info.plist; sourceTree = "<group>"; };
		B543AF02242B1DE60099F2CF /* StanUITests.xctest */ = {isa = PBXFileReference; explicitFileType = wrapper.cfbundle; includeInIndex = 0; path = StanUITests.xctest; sourceTree = BUILT_PRODUCTS_DIR; };
		B543AF06242B1DE60099F2CF /* StanUITests.swift */ = {isa = PBXFileReference; lastKnownFileType = sourcecode.swift; path = StanUITests.swift; sourceTree = "<group>"; };
		B543AF08242B1DE60099F2CF /* Info.plist */ = {isa = PBXFileReference; lastKnownFileType = text.plist.xml; path = Info.plist; sourceTree = "<group>"; };
		B55CA8212430795200389837 /* MovieDetailsViewController.swift */ = {isa = PBXFileReference; lastKnownFileType = sourcecode.swift; path = MovieDetailsViewController.swift; sourceTree = "<group>"; };
		B55CA8232430796800389837 /* MovieDetailsViewModel.swift */ = {isa = PBXFileReference; lastKnownFileType = sourcecode.swift; path = MovieDetailsViewModel.swift; sourceTree = "<group>"; };
		B55CA82524309A8800389837 /* data.json */ = {isa = PBXFileReference; fileEncoding = 4; lastKnownFileType = text.json; path = data.json; sourceTree = "<group>"; };
		B55CA82724309A9D00389837 /* DataHelper.swift */ = {isa = PBXFileReference; lastKnownFileType = sourcecode.swift; path = DataHelper.swift; sourceTree = "<group>"; };
		B5C2F59C24303AB500CBDAFB /* libStanLib.a */ = {isa = PBXFileReference; explicitFileType = archive.ar; includeInIndex = 0; path = libStanLib.a; sourceTree = BUILT_PRODUCTS_DIR; };
		B5C2F5A424303ACA00CBDAFB /* HttpClient.swift */ = {isa = PBXFileReference; lastKnownFileType = sourcecode.swift; path = HttpClient.swift; sourceTree = "<group>"; };
		B5C2F5A624303ADA00CBDAFB /* HttpError.swift */ = {isa = PBXFileReference; lastKnownFileType = sourcecode.swift; path = HttpError.swift; sourceTree = "<group>"; };
		B5C2F5A924303B1B00CBDAFB /* DispatchQueue.swift */ = {isa = PBXFileReference; lastKnownFileType = sourcecode.swift; path = DispatchQueue.swift; sourceTree = "<group>"; };
		B5C2F5AB24303B4C00CBDAFB /* URLSession.swift */ = {isa = PBXFileReference; lastKnownFileType = sourcecode.swift; path = URLSession.swift; sourceTree = "<group>"; };
		B5C2F5AE24303BEE00CBDAFB /* Image.swift */ = {isa = PBXFileReference; lastKnownFileType = sourcecode.swift; path = Image.swift; sourceTree = "<group>"; };
		B5C2F5B024303C6100CBDAFB /* Movie.swift */ = {isa = PBXFileReference; lastKnownFileType = sourcecode.swift; path = Movie.swift; sourceTree = "<group>"; };
		B5C2F5B224303D5100CBDAFB /* MovieClient.swift */ = {isa = PBXFileReference; lastKnownFileType = sourcecode.swift; path = MovieClient.swift; sourceTree = "<group>"; };
		B5C2F5B424303DE500CBDAFB /* MovieClient.MoviesResponse.swift */ = {isa = PBXFileReference; lastKnownFileType = sourcecode.swift; path = MovieClient.MoviesResponse.swift; sourceTree = "<group>"; };
		B5C2F5B9243055C000CBDAFB /* JCollectionViewController.swift */ = {isa = PBXFileReference; lastKnownFileType = sourcecode.swift; path = JCollectionViewController.swift; sourceTree = "<group>"; };
		B5C2F5BC243055E100CBDAFB /* AbstractDiffCalculator.swift */ = {isa = PBXFileReference; lastKnownFileType = sourcecode.swift; path = AbstractDiffCalculator.swift; sourceTree = "<group>"; };
		B5C2F5BE243055F700CBDAFB /* UICollectionView.swift */ = {isa = PBXFileReference; lastKnownFileType = sourcecode.swift; path = UICollectionView.swift; sourceTree = "<group>"; };
		B5C2F5C02430561500CBDAFB /* UIView.swift */ = {isa = PBXFileReference; lastKnownFileType = sourcecode.swift; path = UIView.swift; sourceTree = "<group>"; };
		B5C2F5C32430564600CBDAFB /* CircularStd-Bold.otf */ = {isa = PBXFileReference; lastKnownFileType = file; path = "CircularStd-Bold.otf"; sourceTree = "<group>"; };
		B5C2F5C42430564600CBDAFB /* CircularStd-Black.otf */ = {isa = PBXFileReference; lastKnownFileType = file; path = "CircularStd-Black.otf"; sourceTree = "<group>"; };
		B5C2F5C52430564600CBDAFB /* CircularStd-Medium.otf */ = {isa = PBXFileReference; lastKnownFileType = file; path = "CircularStd-Medium.otf"; sourceTree = "<group>"; };
		B5C2F5C62430564600CBDAFB /* CircularStd-Book.otf */ = {isa = PBXFileReference; lastKnownFileType = file; path = "CircularStd-Book.otf"; sourceTree = "<group>"; };
		B5C2F5D02430569600CBDAFB /* MovieCell.swift */ = {isa = PBXFileReference; lastKnownFileType = sourcecode.swift; path = MovieCell.swift; sourceTree = "<group>"; };
		B5C2F5D12430569600CBDAFB /* MovieCell.xib */ = {isa = PBXFileReference; lastKnownFileType = file.xib; path = MovieCell.xib; sourceTree = "<group>"; };
		B5C2F5D42430585200CBDAFB /* image.jpg */ = {isa = PBXFileReference; lastKnownFileType = image.jpeg; path = image.jpg; sourceTree = "<group>"; };
		B5C2F5D824305D3A00CBDAFB /* UIImageView.swift */ = {isa = PBXFileReference; lastKnownFileType = sourcecode.swift; path = UIImageView.swift; sourceTree = "<group>"; };
		B5C2F5DB24305DA600CBDAFB /* MoviesViewController.swift */ = {isa = PBXFileReference; lastKnownFileType = sourcecode.swift; path = MoviesViewController.swift; sourceTree = "<group>"; };
		B5C2F5DD24305E7200CBDAFB /* MoviesViewModel.swift */ = {isa = PBXFileReference; lastKnownFileType = sourcecode.swift; path = MoviesViewModel.swift; sourceTree = "<group>"; };
/* End PBXFileReference section */

/* Begin PBXFrameworksBuildPhase section */
		B543AEDE242B1DE40099F2CF /* Frameworks */ = {
			isa = PBXFrameworksBuildPhase;
			buildActionMask = 2147483647;
			files = (
				EFB2CC01A4952763D9DC4891 /* Pods_Stan.framework in Frameworks */,
				B5C2F5B7243041F100CBDAFB /* libStanLib.a in Frameworks */,
			);
			runOnlyForDeploymentPostprocessing = 0;
		};
		B543AEF4242B1DE60099F2CF /* Frameworks */ = {
			isa = PBXFrameworksBuildPhase;
			buildActionMask = 2147483647;
			files = (
				C59792F0AEDAEF450D0FE0B5 /* Pods_StanTests.framework in Frameworks */,
			);
			runOnlyForDeploymentPostprocessing = 0;
		};
		B543AEFF242B1DE60099F2CF /* Frameworks */ = {
			isa = PBXFrameworksBuildPhase;
			buildActionMask = 2147483647;
			files = (
				248D211D0F6E2024A16F75B9 /* Pods_Stan_StanUITests.framework in Frameworks */,
			);
			runOnlyForDeploymentPostprocessing = 0;
		};
		B5C2F59924303AB500CBDAFB /* Frameworks */ = {
			isa = PBXFrameworksBuildPhase;
			buildActionMask = 2147483647;
			files = (
			);
			runOnlyForDeploymentPostprocessing = 0;
		};
/* End PBXFrameworksBuildPhase section */

/* Begin PBXGroup section */
		38CC72E981D540A097CB59D8 /* Pods */ = {
			isa = PBXGroup;
			children = (
				72E8CA270341C065F40645C1 /* Pods-Stan.debug.xcconfig */,
				1E23410D2F48ABF8BB3F7F74 /* Pods-Stan.release.xcconfig */,
				AF880991347EB5C0E6505B40 /* Pods-Stan-StanUITests.debug.xcconfig */,
				01F8C6984C9634A19A800E88 /* Pods-Stan-StanUITests.release.xcconfig */,
				0CEDE990956B593288C4A392 /* Pods-StanTests.debug.xcconfig */,
				122E7E13F7EA466285501FAA /* Pods-StanTests.release.xcconfig */,
			);
			path = Pods;
			sourceTree = "<group>";
		};
		B543AED8242B1DE40099F2CF = {
			isa = PBXGroup;
			children = (
				B5C2F59D24303AB500CBDAFB /* StanLib */,
				B543AEE3242B1DE40099F2CF /* Stan */,
				B543AEFA242B1DE60099F2CF /* StanTests */,
				B543AF05242B1DE60099F2CF /* StanUITests */,
				B543AEE2242B1DE40099F2CF /* Products */,
				38CC72E981D540A097CB59D8 /* Pods */,
				BE2B2B897C13BB746C46E32F /* Frameworks */,
			);
			sourceTree = "<group>";
		};
		B543AEE2242B1DE40099F2CF /* Products */ = {
			isa = PBXGroup;
			children = (
				B543AEE1242B1DE40099F2CF /* Stan.app */,
				B543AEF7242B1DE60099F2CF /* StanTests.xctest */,
				B543AF02242B1DE60099F2CF /* StanUITests.xctest */,
				B5C2F59C24303AB500CBDAFB /* libStanLib.a */,
			);
			name = Products;
			sourceTree = "<group>";
		};
		B543AEE3242B1DE40099F2CF /* Stan */ = {
			isa = PBXGroup;
			children = (
				B5C2F5CB2430566A00CBDAFB /* Cells */,
				B5C2F5B8243055A800CBDAFB /* Classes */,
				B5C2F5BB243055D000CBDAFB /* Extensions */,
				B5C2F5C22430562900CBDAFB /* Resources */,
				B5C2F5DA24305D8400CBDAFB /* ViewControllers */,
				B543AEE4242B1DE40099F2CF /* AppDelegate.swift */,
				B543AEE6242B1DE40099F2CF /* SceneDelegate.swift */,
				B543AEEA242B1DE40099F2CF /* Main.storyboard */,
				B543AEEF242B1DE50099F2CF /* LaunchScreen.storyboard */,
				B543AEF2242B1DE50099F2CF /* Info.plist */,
			);
			path = Stan;
			sourceTree = "<group>";
		};
		B543AEFA242B1DE60099F2CF /* StanTests */ = {
			isa = PBXGroup;
			children = (
				B55CA82524309A8800389837 /* data.json */,
				B543AEFB242B1DE60099F2CF /* StanTests.swift */,
				B55CA82724309A9D00389837 /* DataHelper.swift */,
				B543AEFD242B1DE60099F2CF /* Info.plist */,
			);
			path = StanTests;
			sourceTree = "<group>";
		};
		B543AF05242B1DE60099F2CF /* StanUITests */ = {
			isa = PBXGroup;
			children = (
				B543AF06242B1DE60099F2CF /* StanUITests.swift */,
				B543AF08242B1DE60099F2CF /* Info.plist */,
			);
			path = StanUITests;
			sourceTree = "<group>";
		};
		B5C2F59D24303AB500CBDAFB /* StanLib */ = {
			isa = PBXGroup;
			children = (
				B5C2F5A324303AC000CBDAFB /* API */,
				B5C2F5A824303AE800CBDAFB /* Extensions */,
				B5C2F5AD24303BC700CBDAFB /* Models */,
			);
			path = StanLib;
			sourceTree = "<group>";
		};
		B5C2F5A324303AC000CBDAFB /* API */ = {
			isa = PBXGroup;
			children = (
				B5C2F5A424303ACA00CBDAFB /* HttpClient.swift */,
				B5C2F5A624303ADA00CBDAFB /* HttpError.swift */,
				B5C2F5B224303D5100CBDAFB /* MovieClient.swift */,
				B5C2F5B424303DE500CBDAFB /* MovieClient.MoviesResponse.swift */,
			);
			path = API;
			sourceTree = "<group>";
		};
		B5C2F5A824303AE800CBDAFB /* Extensions */ = {
			isa = PBXGroup;
			children = (
				B5C2F5A924303B1B00CBDAFB /* DispatchQueue.swift */,
				B5C2F5AB24303B4C00CBDAFB /* URLSession.swift */,
			);
			path = Extensions;
			sourceTree = "<group>";
		};
		B5C2F5AD24303BC700CBDAFB /* Models */ = {
			isa = PBXGroup;
			children = (
				B5C2F5AE24303BEE00CBDAFB /* Image.swift */,
				B5C2F5B024303C6100CBDAFB /* Movie.swift */,
			);
			path = Models;
			sourceTree = "<group>";
		};
		B5C2F5B8243055A800CBDAFB /* Classes */ = {
			isa = PBXGroup;
			children = (
				B5C2F5B9243055C000CBDAFB /* JCollectionViewController.swift */,
			);
			path = Classes;
			sourceTree = "<group>";
		};
		B5C2F5BB243055D000CBDAFB /* Extensions */ = {
			isa = PBXGroup;
			children = (
				B5C2F5BC243055E100CBDAFB /* AbstractDiffCalculator.swift */,
				B5C2F5BE243055F700CBDAFB /* UICollectionView.swift */,
				B5C2F5D824305D3A00CBDAFB /* UIImageView.swift */,
				B5C2F5C02430561500CBDAFB /* UIView.swift */,
			);
			path = Extensions;
			sourceTree = "<group>";
		};
		B5C2F5C22430562900CBDAFB /* Resources */ = {
			isa = PBXGroup;
			children = (
				B5C2F5D42430585200CBDAFB /* image.jpg */,
				B543AEED242B1DE50099F2CF /* Assets.xcassets */,
				B5C2F5C42430564600CBDAFB /* CircularStd-Black.otf */,
				B5C2F5C32430564600CBDAFB /* CircularStd-Bold.otf */,
				B5C2F5C62430564600CBDAFB /* CircularStd-Book.otf */,
				B5C2F5C52430564600CBDAFB /* CircularStd-Medium.otf */,
			);
			path = Resources;
			sourceTree = "<group>";
		};
		B5C2F5CB2430566A00CBDAFB /* Cells */ = {
			isa = PBXGroup;
			children = (
				B5C2F5D02430569600CBDAFB /* MovieCell.swift */,
				B5C2F5D12430569600CBDAFB /* MovieCell.xib */,
			);
			path = Cells;
			sourceTree = "<group>";
		};
		B5C2F5DA24305D8400CBDAFB /* ViewControllers */ = {
			isa = PBXGroup;
			children = (
				B5C2F5DB24305DA600CBDAFB /* MoviesViewController.swift */,
				B5C2F5DD24305E7200CBDAFB /* MoviesViewModel.swift */,
				B55CA8212430795200389837 /* MovieDetailsViewController.swift */,
				B55CA8232430796800389837 /* MovieDetailsViewModel.swift */,
			);
			path = ViewControllers;
			sourceTree = "<group>";
		};
		BE2B2B897C13BB746C46E32F /* Frameworks */ = {
			isa = PBXGroup;
			children = (
				72A9A076BC150C064DF7BD29 /* Pods_Stan.framework */,
				9360E1471C1302B3901E627F /* Pods_Stan_StanUITests.framework */,
				8E46D32A2CB26982227D3B68 /* Pods_StanTests.framework */,
			);
			name = Frameworks;
			sourceTree = "<group>";
		};
/* End PBXGroup section */

/* Begin PBXNativeTarget section */
		B543AEE0242B1DE40099F2CF /* Stan */ = {
			isa = PBXNativeTarget;
			buildConfigurationList = B543AF0B242B1DE60099F2CF /* Build configuration list for PBXNativeTarget "Stan" */;
			buildPhases = (
				ECA9F77AF0C38FE5BD90D416 /* [CP] Check Pods Manifest.lock */,
				B543AEDD242B1DE40099F2CF /* Sources */,
				B543AEDE242B1DE40099F2CF /* Frameworks */,
				B543AEDF242B1DE40099F2CF /* Resources */,
				FDD34713D6C7267501794E09 /* [CP] Embed Pods Frameworks */,
			);
			buildRules = (
			);
			dependencies = (
			);
			name = Stan;
			productName = Stan;
			productReference = B543AEE1242B1DE40099F2CF /* Stan.app */;
			productType = "com.apple.product-type.application";
		};
		B543AEF6242B1DE60099F2CF /* StanTests */ = {
			isa = PBXNativeTarget;
			buildConfigurationList = B543AF0E242B1DE60099F2CF /* Build configuration list for PBXNativeTarget "StanTests" */;
			buildPhases = (
				68329FB0222FD9C849BAAE63 /* [CP] Check Pods Manifest.lock */,
				B543AEF3242B1DE60099F2CF /* Sources */,
				B543AEF4242B1DE60099F2CF /* Frameworks */,
				B543AEF5242B1DE60099F2CF /* Resources */,
			);
			buildRules = (
			);
			dependencies = (
				B543AEF9242B1DE60099F2CF /* PBXTargetDependency */,
			);
			name = StanTests;
			productName = StanTests;
			productReference = B543AEF7242B1DE60099F2CF /* StanTests.xctest */;
			productType = "com.apple.product-type.bundle.unit-test";
		};
		B543AF01242B1DE60099F2CF /* StanUITests */ = {
			isa = PBXNativeTarget;
			buildConfigurationList = B543AF11242B1DE60099F2CF /* Build configuration list for PBXNativeTarget "StanUITests" */;
			buildPhases = (
				853C6C5A1046158AC60CA3CE /* [CP] Check Pods Manifest.lock */,
				B543AEFE242B1DE60099F2CF /* Sources */,
				B543AEFF242B1DE60099F2CF /* Frameworks */,
				B543AF00242B1DE60099F2CF /* Resources */,
				7ADFC8DD690FEF60498973A5 /* [CP] Embed Pods Frameworks */,
			);
			buildRules = (
			);
			dependencies = (
				B543AF04242B1DE60099F2CF /* PBXTargetDependency */,
			);
			name = StanUITests;
			productName = StanUITests;
			productReference = B543AF02242B1DE60099F2CF /* StanUITests.xctest */;
			productType = "com.apple.product-type.bundle.ui-testing";
		};
		B5C2F59B24303AB500CBDAFB /* StanLib */ = {
			isa = PBXNativeTarget;
			buildConfigurationList = B5C2F5A224303AB500CBDAFB /* Build configuration list for PBXNativeTarget "StanLib" */;
			buildPhases = (
				B5C2F59824303AB500CBDAFB /* Sources */,
				B5C2F59924303AB500CBDAFB /* Frameworks */,
				B5C2F59A24303AB500CBDAFB /* CopyFiles */,
			);
			buildRules = (
			);
			dependencies = (
			);
			name = StanLib;
			productName = StanLib;
			productReference = B5C2F59C24303AB500CBDAFB /* libStanLib.a */;
			productType = "com.apple.product-type.library.static";
		};
/* End PBXNativeTarget section */

/* Begin PBXProject section */
		B543AED9242B1DE40099F2CF /* Project object */ = {
			isa = PBXProject;
			attributes = {
				LastSwiftUpdateCheck = 1110;
				LastUpgradeCheck = 1110;
				ORGANIZATIONNAME = "Jay Salvador";
				TargetAttributes = {
					B543AEE0242B1DE40099F2CF = {
						CreatedOnToolsVersion = 11.1;
					};
					B543AEF6242B1DE60099F2CF = {
						CreatedOnToolsVersion = 11.1;
						TestTargetID = B543AEE0242B1DE40099F2CF;
					};
					B543AF01242B1DE60099F2CF = {
						CreatedOnToolsVersion = 11.1;
						TestTargetID = B543AEE0242B1DE40099F2CF;
					};
					B5C2F59B24303AB500CBDAFB = {
						CreatedOnToolsVersion = 11.1;
					};
				};
			};
			buildConfigurationList = B543AEDC242B1DE40099F2CF /* Build configuration list for PBXProject "Stan" */;
			compatibilityVersion = "Xcode 9.3";
			developmentRegion = en;
			hasScannedForEncodings = 0;
			knownRegions = (
				en,
				Base,
			);
			mainGroup = B543AED8242B1DE40099F2CF;
			productRefGroup = B543AEE2242B1DE40099F2CF /* Products */;
			projectDirPath = "";
			projectRoot = "";
			targets = (
				B543AEE0242B1DE40099F2CF /* Stan */,
				B543AEF6242B1DE60099F2CF /* StanTests */,
				B543AF01242B1DE60099F2CF /* StanUITests */,
				B5C2F59B24303AB500CBDAFB /* StanLib */,
			);
		};
/* End PBXProject section */

/* Begin PBXResourcesBuildPhase section */
		B543AEDF242B1DE40099F2CF /* Resources */ = {
			isa = PBXResourcesBuildPhase;
			buildActionMask = 2147483647;
			files = (
				B543AEF1242B1DE50099F2CF /* LaunchScreen.storyboard in Resources */,
				B5C2F5C72430564600CBDAFB /* CircularStd-Bold.otf in Resources */,
				B543AEEE242B1DE50099F2CF /* Assets.xcassets in Resources */,
				B5C2F5CA2430564600CBDAFB /* CircularStd-Book.otf in Resources */,
				B543AEEC242B1DE40099F2CF /* Main.storyboard in Resources */,
				B5C2F5C82430564600CBDAFB /* CircularStd-Black.otf in Resources */,
				B5C2F5D32430569600CBDAFB /* MovieCell.xib in Resources */,
				B5C2F5C92430564600CBDAFB /* CircularStd-Medium.otf in Resources */,
				B5C2F5D52430585200CBDAFB /* image.jpg in Resources */,
			);
			runOnlyForDeploymentPostprocessing = 0;
		};
		B543AEF5242B1DE60099F2CF /* Resources */ = {
			isa = PBXResourcesBuildPhase;
			buildActionMask = 2147483647;
			files = (
				B55CA82624309A8800389837 /* data.json in Resources */,
			);
			runOnlyForDeploymentPostprocessing = 0;
		};
		B543AF00242B1DE60099F2CF /* Resources */ = {
			isa = PBXResourcesBuildPhase;
			buildActionMask = 2147483647;
			files = (
			);
			runOnlyForDeploymentPostprocessing = 0;
		};
/* End PBXResourcesBuildPhase section */

/* Begin PBXShellScriptBuildPhase section */
		68329FB0222FD9C849BAAE63 /* [CP] Check Pods Manifest.lock */ = {
			isa = PBXShellScriptBuildPhase;
			buildActionMask = 2147483647;
			files = (
			);
			inputFileListPaths = (
			);
			inputPaths = (
				"${PODS_PODFILE_DIR_PATH}/Podfile.lock",
				"${PODS_ROOT}/Manifest.lock",
			);
			name = "[CP] Check Pods Manifest.lock";
			outputFileListPaths = (
			);
			outputPaths = (
				"$(DERIVED_FILE_DIR)/Pods-StanTests-checkManifestLockResult.txt",
			);
			runOnlyForDeploymentPostprocessing = 0;
			shellPath = /bin/sh;
			shellScript = "diff \"${PODS_PODFILE_DIR_PATH}/Podfile.lock\" \"${PODS_ROOT}/Manifest.lock\" > /dev/null\nif [ $? != 0 ] ; then\n    # print error to STDERR\n    echo \"error: The sandbox is not in sync with the Podfile.lock. Run 'pod install' or update your CocoaPods installation.\" >&2\n    exit 1\nfi\n# This output is used by Xcode 'outputs' to avoid re-running this script phase.\necho \"SUCCESS\" > \"${SCRIPT_OUTPUT_FILE_0}\"\n";
			showEnvVarsInLog = 0;
		};
		7ADFC8DD690FEF60498973A5 /* [CP] Embed Pods Frameworks */ = {
			isa = PBXShellScriptBuildPhase;
			buildActionMask = 2147483647;
			files = (
			);
			inputFileListPaths = (
				"${PODS_ROOT}/Target Support Files/Pods-Stan-StanUITests/Pods-Stan-StanUITests-frameworks-${CONFIGURATION}-input-files.xcfilelist",
			);
			name = "[CP] Embed Pods Frameworks";
			outputFileListPaths = (
				"${PODS_ROOT}/Target Support Files/Pods-Stan-StanUITests/Pods-Stan-StanUITests-frameworks-${CONFIGURATION}-output-files.xcfilelist",
			);
			runOnlyForDeploymentPostprocessing = 0;
			shellPath = /bin/sh;
			shellScript = "\"${PODS_ROOT}/Target Support Files/Pods-Stan-StanUITests/Pods-Stan-StanUITests-frameworks.sh\"\n";
			showEnvVarsInLog = 0;
		};
		853C6C5A1046158AC60CA3CE /* [CP] Check Pods Manifest.lock */ = {
			isa = PBXShellScriptBuildPhase;
			buildActionMask = 2147483647;
			files = (
			);
			inputFileListPaths = (
			);
			inputPaths = (
				"${PODS_PODFILE_DIR_PATH}/Podfile.lock",
				"${PODS_ROOT}/Manifest.lock",
			);
			name = "[CP] Check Pods Manifest.lock";
			outputFileListPaths = (
			);
			outputPaths = (
				"$(DERIVED_FILE_DIR)/Pods-Stan-StanUITests-checkManifestLockResult.txt",
			);
			runOnlyForDeploymentPostprocessing = 0;
			shellPath = /bin/sh;
			shellScript = "diff \"${PODS_PODFILE_DIR_PATH}/Podfile.lock\" \"${PODS_ROOT}/Manifest.lock\" > /dev/null\nif [ $? != 0 ] ; then\n    # print error to STDERR\n    echo \"error: The sandbox is not in sync with the Podfile.lock. Run 'pod install' or update your CocoaPods installation.\" >&2\n    exit 1\nfi\n# This output is used by Xcode 'outputs' to avoid re-running this script phase.\necho \"SUCCESS\" > \"${SCRIPT_OUTPUT_FILE_0}\"\n";
			showEnvVarsInLog = 0;
		};
		ECA9F77AF0C38FE5BD90D416 /* [CP] Check Pods Manifest.lock */ = {
			isa = PBXShellScriptBuildPhase;
			buildActionMask = 2147483647;
			files = (
			);
			inputFileListPaths = (
			);
			inputPaths = (
				"${PODS_PODFILE_DIR_PATH}/Podfile.lock",
				"${PODS_ROOT}/Manifest.lock",
			);
			name = "[CP] Check Pods Manifest.lock";
			outputFileListPaths = (
			);
			outputPaths = (
				"$(DERIVED_FILE_DIR)/Pods-Stan-checkManifestLockResult.txt",
			);
			runOnlyForDeploymentPostprocessing = 0;
			shellPath = /bin/sh;
			shellScript = "diff \"${PODS_PODFILE_DIR_PATH}/Podfile.lock\" \"${PODS_ROOT}/Manifest.lock\" > /dev/null\nif [ $? != 0 ] ; then\n    # print error to STDERR\n    echo \"error: The sandbox is not in sync with the Podfile.lock. Run 'pod install' or update your CocoaPods installation.\" >&2\n    exit 1\nfi\n# This output is used by Xcode 'outputs' to avoid re-running this script phase.\necho \"SUCCESS\" > \"${SCRIPT_OUTPUT_FILE_0}\"\n";
			showEnvVarsInLog = 0;
		};
		FDD34713D6C7267501794E09 /* [CP] Embed Pods Frameworks */ = {
			isa = PBXShellScriptBuildPhase;
			buildActionMask = 2147483647;
			files = (
			);
			inputFileListPaths = (
				"${PODS_ROOT}/Target Support Files/Pods-Stan/Pods-Stan-frameworks-${CONFIGURATION}-input-files.xcfilelist",
			);
			name = "[CP] Embed Pods Frameworks";
			outputFileListPaths = (
				"${PODS_ROOT}/Target Support Files/Pods-Stan/Pods-Stan-frameworks-${CONFIGURATION}-output-files.xcfilelist",
			);
			runOnlyForDeploymentPostprocessing = 0;
			shellPath = /bin/sh;
			shellScript = "\"${PODS_ROOT}/Target Support Files/Pods-Stan/Pods-Stan-frameworks.sh\"\n";
			showEnvVarsInLog = 0;
		};
/* End PBXShellScriptBuildPhase section */

/* Begin PBXSourcesBuildPhase section */
		B543AEDD242B1DE40099F2CF /* Sources */ = {
			isa = PBXSourcesBuildPhase;
			buildActionMask = 2147483647;
			files = (
				B5C2F5BF243055F700CBDAFB /* UICollectionView.swift in Sources */,
				B5C2F5DC24305DA700CBDAFB /* MoviesViewController.swift in Sources */,
				B5C2F5D924305D3A00CBDAFB /* UIImageView.swift in Sources */,
				B5C2F5DE24305E7200CBDAFB /* MoviesViewModel.swift in Sources */,
				B5C2F5D22430569600CBDAFB /* MovieCell.swift in Sources */,
				B55CA8222430795200389837 /* MovieDetailsViewController.swift in Sources */,
				B5C2F5BD243055E100CBDAFB /* AbstractDiffCalculator.swift in Sources */,
				B5C2F5C12430561500CBDAFB /* UIView.swift in Sources */,
				B55CA8242430796800389837 /* MovieDetailsViewModel.swift in Sources */,
				B543AEE5242B1DE40099F2CF /* AppDelegate.swift in Sources */,
				B543AEE7242B1DE40099F2CF /* SceneDelegate.swift in Sources */,
				B5C2F5BA243055C000CBDAFB /* JCollectionViewController.swift in Sources */,
			);
			runOnlyForDeploymentPostprocessing = 0;
		};
		B543AEF3242B1DE60099F2CF /* Sources */ = {
			isa = PBXSourcesBuildPhase;
			buildActionMask = 2147483647;
			files = (
				B543AEFC242B1DE60099F2CF /* StanTests.swift in Sources */,
				B55CA82824309A9D00389837 /* DataHelper.swift in Sources */,
			);
			runOnlyForDeploymentPostprocessing = 0;
		};
		B543AEFE242B1DE60099F2CF /* Sources */ = {
			isa = PBXSourcesBuildPhase;
			buildActionMask = 2147483647;
			files = (
				B543AF07242B1DE60099F2CF /* StanUITests.swift in Sources */,
			);
			runOnlyForDeploymentPostprocessing = 0;
		};
		B5C2F59824303AB500CBDAFB /* Sources */ = {
			isa = PBXSourcesBuildPhase;
			buildActionMask = 2147483647;
			files = (
				B5C2F5A524303ACA00CBDAFB /* HttpClient.swift in Sources */,
				B5C2F5A724303ADA00CBDAFB /* HttpError.swift in Sources */,
				B5C2F5B124303C6100CBDAFB /* Movie.swift in Sources */,
				B5C2F5B324303D5100CBDAFB /* MovieClient.swift in Sources */,
				B5C2F5B524303DE600CBDAFB /* MovieClient.MoviesResponse.swift in Sources */,
				B5C2F5AC24303B4C00CBDAFB /* URLSession.swift in Sources */,
				B5C2F5AA24303B1B00CBDAFB /* DispatchQueue.swift in Sources */,
				B5C2F5AF24303BEE00CBDAFB /* Image.swift in Sources */,
			);
			runOnlyForDeploymentPostprocessing = 0;
		};
/* End PBXSourcesBuildPhase section */

/* Begin PBXTargetDependency section */
		B543AEF9242B1DE60099F2CF /* PBXTargetDependency */ = {
			isa = PBXTargetDependency;
			target = B543AEE0242B1DE40099F2CF /* Stan */;
			targetProxy = B543AEF8242B1DE60099F2CF /* PBXContainerItemProxy */;
		};
		B543AF04242B1DE60099F2CF /* PBXTargetDependency */ = {
			isa = PBXTargetDependency;
			target = B543AEE0242B1DE40099F2CF /* Stan */;
			targetProxy = B543AF03242B1DE60099F2CF /* PBXContainerItemProxy */;
		};
/* End PBXTargetDependency section */

/* Begin PBXVariantGroup section */
		B543AEEA242B1DE40099F2CF /* Main.storyboard */ = {
			isa = PBXVariantGroup;
			children = (
				B543AEEB242B1DE40099F2CF /* Base */,
			);
			name = Main.storyboard;
			sourceTree = "<group>";
		};
		B543AEEF242B1DE50099F2CF /* LaunchScreen.storyboard */ = {
			isa = PBXVariantGroup;
			children = (
				B543AEF0242B1DE50099F2CF /* Base */,
			);
			name = LaunchScreen.storyboard;
			sourceTree = "<group>";
		};
/* End PBXVariantGroup section */

/* Begin XCBuildConfiguration section */
		B543AF09242B1DE60099F2CF /* Debug */ = {
			isa = XCBuildConfiguration;
			buildSettings = {
				ALWAYS_SEARCH_USER_PATHS = NO;
				CLANG_ANALYZER_NONNULL = YES;
				CLANG_ANALYZER_NUMBER_OBJECT_CONVERSION = YES_AGGRESSIVE;
				CLANG_CXX_LANGUAGE_STANDARD = "gnu++14";
				CLANG_CXX_LIBRARY = "libc++";
				CLANG_ENABLE_MODULES = YES;
				CLANG_ENABLE_OBJC_ARC = YES;
				CLANG_ENABLE_OBJC_WEAK = YES;
				CLANG_WARN_BLOCK_CAPTURE_AUTORELEASING = YES;
				CLANG_WARN_BOOL_CONVERSION = YES;
				CLANG_WARN_COMMA = YES;
				CLANG_WARN_CONSTANT_CONVERSION = YES;
				CLANG_WARN_DEPRECATED_OBJC_IMPLEMENTATIONS = YES;
				CLANG_WARN_DIRECT_OBJC_ISA_USAGE = YES_ERROR;
				CLANG_WARN_DOCUMENTATION_COMMENTS = YES;
				CLANG_WARN_EMPTY_BODY = YES;
				CLANG_WARN_ENUM_CONVERSION = YES;
				CLANG_WARN_INFINITE_RECURSION = YES;
				CLANG_WARN_INT_CONVERSION = YES;
				CLANG_WARN_NON_LITERAL_NULL_CONVERSION = YES;
				CLANG_WARN_OBJC_IMPLICIT_RETAIN_SELF = YES;
				CLANG_WARN_OBJC_LITERAL_CONVERSION = YES;
				CLANG_WARN_OBJC_ROOT_CLASS = YES_ERROR;
				CLANG_WARN_RANGE_LOOP_ANALYSIS = YES;
				CLANG_WARN_STRICT_PROTOTYPES = YES;
				CLANG_WARN_SUSPICIOUS_MOVE = YES;
				CLANG_WARN_UNGUARDED_AVAILABILITY = YES_AGGRESSIVE;
				CLANG_WARN_UNREACHABLE_CODE = YES;
				CLANG_WARN__DUPLICATE_METHOD_MATCH = YES;
				COPY_PHASE_STRIP = NO;
				DEBUG_INFORMATION_FORMAT = dwarf;
				ENABLE_STRICT_OBJC_MSGSEND = YES;
				ENABLE_TESTABILITY = YES;
				GCC_C_LANGUAGE_STANDARD = gnu11;
				GCC_DYNAMIC_NO_PIC = NO;
				GCC_NO_COMMON_BLOCKS = YES;
				GCC_OPTIMIZATION_LEVEL = 0;
				GCC_PREPROCESSOR_DEFINITIONS = (
					"DEBUG=1",
					"$(inherited)",
				);
				GCC_WARN_64_TO_32_BIT_CONVERSION = YES;
				GCC_WARN_ABOUT_RETURN_TYPE = YES_ERROR;
				GCC_WARN_UNDECLARED_SELECTOR = YES;
				GCC_WARN_UNINITIALIZED_AUTOS = YES_AGGRESSIVE;
				GCC_WARN_UNUSED_FUNCTION = YES;
				GCC_WARN_UNUSED_VARIABLE = YES;
				IPHONEOS_DEPLOYMENT_TARGET = 13.1;
				MTL_ENABLE_DEBUG_INFO = INCLUDE_SOURCE;
				MTL_FAST_MATH = YES;
				ONLY_ACTIVE_ARCH = YES;
				SDKROOT = iphoneos;
				SWIFT_ACTIVE_COMPILATION_CONDITIONS = DEBUG;
				SWIFT_OPTIMIZATION_LEVEL = "-Onone";
			};
			name = Debug;
		};
		B543AF0A242B1DE60099F2CF /* Release */ = {
			isa = XCBuildConfiguration;
			buildSettings = {
				ALWAYS_SEARCH_USER_PATHS = NO;
				CLANG_ANALYZER_NONNULL = YES;
				CLANG_ANALYZER_NUMBER_OBJECT_CONVERSION = YES_AGGRESSIVE;
				CLANG_CXX_LANGUAGE_STANDARD = "gnu++14";
				CLANG_CXX_LIBRARY = "libc++";
				CLANG_ENABLE_MODULES = YES;
				CLANG_ENABLE_OBJC_ARC = YES;
				CLANG_ENABLE_OBJC_WEAK = YES;
				CLANG_WARN_BLOCK_CAPTURE_AUTORELEASING = YES;
				CLANG_WARN_BOOL_CONVERSION = YES;
				CLANG_WARN_COMMA = YES;
				CLANG_WARN_CONSTANT_CONVERSION = YES;
				CLANG_WARN_DEPRECATED_OBJC_IMPLEMENTATIONS = YES;
				CLANG_WARN_DIRECT_OBJC_ISA_USAGE = YES_ERROR;
				CLANG_WARN_DOCUMENTATION_COMMENTS = YES;
				CLANG_WARN_EMPTY_BODY = YES;
				CLANG_WARN_ENUM_CONVERSION = YES;
				CLANG_WARN_INFINITE_RECURSION = YES;
				CLANG_WARN_INT_CONVERSION = YES;
				CLANG_WARN_NON_LITERAL_NULL_CONVERSION = YES;
				CLANG_WARN_OBJC_IMPLICIT_RETAIN_SELF = YES;
				CLANG_WARN_OBJC_LITERAL_CONVERSION = YES;
				CLANG_WARN_OBJC_ROOT_CLASS = YES_ERROR;
				CLANG_WARN_RANGE_LOOP_ANALYSIS = YES;
				CLANG_WARN_STRICT_PROTOTYPES = YES;
				CLANG_WARN_SUSPICIOUS_MOVE = YES;
				CLANG_WARN_UNGUARDED_AVAILABILITY = YES_AGGRESSIVE;
				CLANG_WARN_UNREACHABLE_CODE = YES;
				CLANG_WARN__DUPLICATE_METHOD_MATCH = YES;
				COPY_PHASE_STRIP = NO;
				DEBUG_INFORMATION_FORMAT = "dwarf-with-dsym";
				ENABLE_NS_ASSERTIONS = NO;
				ENABLE_STRICT_OBJC_MSGSEND = YES;
				GCC_C_LANGUAGE_STANDARD = gnu11;
				GCC_NO_COMMON_BLOCKS = YES;
				GCC_WARN_64_TO_32_BIT_CONVERSION = YES;
				GCC_WARN_ABOUT_RETURN_TYPE = YES_ERROR;
				GCC_WARN_UNDECLARED_SELECTOR = YES;
				GCC_WARN_UNINITIALIZED_AUTOS = YES_AGGRESSIVE;
				GCC_WARN_UNUSED_FUNCTION = YES;
				GCC_WARN_UNUSED_VARIABLE = YES;
				IPHONEOS_DEPLOYMENT_TARGET = 13.1;
				MTL_ENABLE_DEBUG_INFO = NO;
				MTL_FAST_MATH = YES;
				SDKROOT = iphoneos;
				SWIFT_COMPILATION_MODE = wholemodule;
				SWIFT_OPTIMIZATION_LEVEL = "-O";
				VALIDATE_PRODUCT = YES;
			};
			name = Release;
		};
		B543AF0C242B1DE60099F2CF /* Debug */ = {
			isa = XCBuildConfiguration;
			baseConfigurationReference = 72E8CA270341C065F40645C1 /* Pods-Stan.debug.xcconfig */;
			buildSettings = {
				ASSETCATALOG_COMPILER_APPICON_NAME = AppIcon;
				CODE_SIGN_STYLE = Automatic;
				INFOPLIST_FILE = Stan/Info.plist;
				LD_RUNPATH_SEARCH_PATHS = (
					"$(inherited)",
					"@executable_path/Frameworks",
				);
				PRODUCT_BUNDLE_IDENTIFIER = com.jaysalvador.Stan;
				PRODUCT_NAME = "$(TARGET_NAME)";
				SWIFT_VERSION = 5.0;
				TARGETED_DEVICE_FAMILY = "1,2";
			};
			name = Debug;
		};
		B543AF0D242B1DE60099F2CF /* Release */ = {
			isa = XCBuildConfiguration;
			baseConfigurationReference = 1E23410D2F48ABF8BB3F7F74 /* Pods-Stan.release.xcconfig */;
			buildSettings = {
				ASSETCATALOG_COMPILER_APPICON_NAME = AppIcon;
				CODE_SIGN_STYLE = Automatic;
				INFOPLIST_FILE = Stan/Info.plist;
				LD_RUNPATH_SEARCH_PATHS = (
					"$(inherited)",
					"@executable_path/Frameworks",
				);
				PRODUCT_BUNDLE_IDENTIFIER = com.jaysalvador.Stan;
				PRODUCT_NAME = "$(TARGET_NAME)";
				SWIFT_VERSION = 5.0;
				TARGETED_DEVICE_FAMILY = "1,2";
			};
			name = Release;
		};
		B543AF0F242B1DE60099F2CF /* Debug */ = {
			isa = XCBuildConfiguration;
			baseConfigurationReference = 0CEDE990956B593288C4A392 /* Pods-StanTests.debug.xcconfig */;
			buildSettings = {
				ALWAYS_EMBED_SWIFT_STANDARD_LIBRARIES = YES;
				BUNDLE_LOADER = "$(TEST_HOST)";
				CODE_SIGN_STYLE = Automatic;
				INFOPLIST_FILE = StanTests/Info.plist;
				IPHONEOS_DEPLOYMENT_TARGET = 13.1;
				LD_RUNPATH_SEARCH_PATHS = (
					"$(inherited)",
					"@executable_path/Frameworks",
					"@loader_path/Frameworks",
				);
				PRODUCT_BUNDLE_IDENTIFIER = com.jaysalvador.StanTests;
				PRODUCT_NAME = "$(TARGET_NAME)";
				SWIFT_VERSION = 5.0;
				TARGETED_DEVICE_FAMILY = "1,2";
				TEST_HOST = "$(BUILT_PRODUCTS_DIR)/Stan.app/Stan";
			};
			name = Debug;
		};
		B543AF10242B1DE60099F2CF /* Release */ = {
			isa = XCBuildConfiguration;
			baseConfigurationReference = 122E7E13F7EA466285501FAA /* Pods-StanTests.release.xcconfig */;
			buildSettings = {
				ALWAYS_EMBED_SWIFT_STANDARD_LIBRARIES = YES;
				BUNDLE_LOADER = "$(TEST_HOST)";
				CODE_SIGN_STYLE = Automatic;
				INFOPLIST_FILE = StanTests/Info.plist;
				IPHONEOS_DEPLOYMENT_TARGET = 13.1;
				LD_RUNPATH_SEARCH_PATHS = (
					"$(inherited)",
					"@executable_path/Frameworks",
					"@loader_path/Frameworks",
				);
				PRODUCT_BUNDLE_IDENTIFIER = com.jaysalvador.StanTests;
				PRODUCT_NAME = "$(TARGET_NAME)";
				SWIFT_VERSION = 5.0;
				TARGETED_DEVICE_FAMILY = "1,2";
				TEST_HOST = "$(BUILT_PRODUCTS_DIR)/Stan.app/Stan";
			};
			name = Release;
		};
		B543AF12242B1DE60099F2CF /* Debug */ = {
			isa = XCBuildConfiguration;
			baseConfigurationReference = AF880991347EB5C0E6505B40 /* Pods-Stan-StanUITests.debug.xcconfig */;
			buildSettings = {
				ALWAYS_EMBED_SWIFT_STANDARD_LIBRARIES = YES;
				CODE_SIGN_STYLE = Automatic;
				INFOPLIST_FILE = StanUITests/Info.plist;
				LD_RUNPATH_SEARCH_PATHS = (
					"$(inherited)",
					"@executable_path/Frameworks",
					"@loader_path/Frameworks",
				);
				PRODUCT_BUNDLE_IDENTIFIER = com.jaysalvador.StanUITests;
				PRODUCT_NAME = "$(TARGET_NAME)";
				SWIFT_VERSION = 5.0;
				TARGETED_DEVICE_FAMILY = "1,2";
				TEST_TARGET_NAME = Stan;
			};
			name = Debug;
		};
		B543AF13242B1DE60099F2CF /* Release */ = {
			isa = XCBuildConfiguration;
			baseConfigurationReference = 01F8C6984C9634A19A800E88 /* Pods-Stan-StanUITests.release.xcconfig */;
			buildSettings = {
				ALWAYS_EMBED_SWIFT_STANDARD_LIBRARIES = YES;
				CODE_SIGN_STYLE = Automatic;
				INFOPLIST_FILE = StanUITests/Info.plist;
				LD_RUNPATH_SEARCH_PATHS = (
					"$(inherited)",
					"@executable_path/Frameworks",
					"@loader_path/Frameworks",
				);
				PRODUCT_BUNDLE_IDENTIFIER = com.jaysalvador.StanUITests;
				PRODUCT_NAME = "$(TARGET_NAME)";
				SWIFT_VERSION = 5.0;
				TARGETED_DEVICE_FAMILY = "1,2";
				TEST_TARGET_NAME = Stan;
			};
			name = Release;
		};
		B5C2F5A024303AB500CBDAFB /* Debug */ = {
			isa = XCBuildConfiguration;
			buildSettings = {
				CODE_SIGN_STYLE = Automatic;
				OTHER_LDFLAGS = "-ObjC";
				PRODUCT_NAME = "$(TARGET_NAME)";
				SKIP_INSTALL = YES;
				SWIFT_VERSION = 5.0;
				TARGETED_DEVICE_FAMILY = "1,2";
			};
			name = Debug;
		};
		B5C2F5A124303AB500CBDAFB /* Release */ = {
			isa = XCBuildConfiguration;
			buildSettings = {
				CODE_SIGN_STYLE = Automatic;
				OTHER_LDFLAGS = "-ObjC";
				PRODUCT_NAME = "$(TARGET_NAME)";
				SKIP_INSTALL = YES;
				SWIFT_VERSION = 5.0;
				TARGETED_DEVICE_FAMILY = "1,2";
			};
			name = Release;
		};
/* End XCBuildConfiguration section */

/* Begin XCConfigurationList section */
		B543AEDC242B1DE40099F2CF /* Build configuration list for PBXProject "Stan" */ = {
			isa = XCConfigurationList;
			buildConfigurations = (
				B543AF09242B1DE60099F2CF /* Debug */,
				B543AF0A242B1DE60099F2CF /* Release */,
			);
			defaultConfigurationIsVisible = 0;
			defaultConfigurationName = Release;
		};
		B543AF0B242B1DE60099F2CF /* Build configuration list for PBXNativeTarget "Stan" */ = {
			isa = XCConfigurationList;
			buildConfigurations = (
				B543AF0C242B1DE60099F2CF /* Debug */,
				B543AF0D242B1DE60099F2CF /* Release */,
			);
			defaultConfigurationIsVisible = 0;
			defaultConfigurationName = Release;
		};
		B543AF0E242B1DE60099F2CF /* Build configuration list for PBXNativeTarget "StanTests" */ = {
			isa = XCConfigurationList;
			buildConfigurations = (
				B543AF0F242B1DE60099F2CF /* Debug */,
				B543AF10242B1DE60099F2CF /* Release */,
			);
			defaultConfigurationIsVisible = 0;
			defaultConfigurationName = Release;
		};
		B543AF11242B1DE60099F2CF /* Build configuration list for PBXNativeTarget "StanUITests" */ = {
			isa = XCConfigurationList;
			buildConfigurations = (
				B543AF12242B1DE60099F2CF /* Debug */,
				B543AF13242B1DE60099F2CF /* Release */,
			);
			defaultConfigurationIsVisible = 0;
			defaultConfigurationName = Release;
		};
		B5C2F5A224303AB500CBDAFB /* Build configuration list for PBXNativeTarget "StanLib" */ = {
			isa = XCConfigurationList;
			buildConfigurations = (
				B5C2F5A024303AB500CBDAFB /* Debug */,
				B5C2F5A124303AB500CBDAFB /* Release */,
			);
			defaultConfigurationIsVisible = 0;
			defaultConfigurationName = Release;
		};
/* End XCConfigurationList section */
	};
	rootObject = B543AED9242B1DE40099F2CF /* Project object */;
}
